
Microsoft Visual Studio Solution File, Format Version 12.00
Project("{FAE04EC0-301F-11D3-BF4B-00C04F79EFBC}") = "NGeoNamesClient", "src\NGeoNamesClient\NGeoNamesClient.csproj", "{743FAFE1-A48C-4D05-A419-B1AC86B6B97F}"
EndProject
Project("{FAE04EC0-301F-11D3-BF4B-00C04F79EFBC}") = "NGeoNamesClient.Tests", "src\NGeoNamesClient.Tests\NGeoNamesClient.Tests.csproj", "{684C1044-E2DD-433B-88C6-D051B778310F}"
EndProject
Global
	GlobalSection(SolutionConfigurationPlatforms) = preSolution
		Debug|Any CPU = Debug|Any CPU
		Release|Any CPU = Release|Any CPU
	EndGlobalSection
	GlobalSection(ProjectConfigurationPlatforms) = postSolution
		{743FAFE1-A48C-4D05-A419-B1AC86B6B97F}.Debug|Any CPU.ActiveCfg = Debug|Any CPU
		{743FAFE1-A48C-4D05-A419-B1AC86B6B97F}.Debug|Any CPU.Build.0 = Debug|Any CPU
		{743FAFE1-A48C-4D05-A419-B1AC86B6B97F}.Release|Any CPU.ActiveCfg = Release|Any CPU
		{743FAFE1-A48C-4D05-A419-B1AC86B6B97F}.Release|Any CPU.Build.0 = Release|Any CPU
		{684C1044-E2DD-433B-88C6-D051B778310F}.Debug|Any CPU.ActiveCfg = Debug|Any CPU
		{684C1044-E2DD-433B-88C6-D051B778310F}.Debug|Any CPU.Build.0 = Debug|Any CPU
		{684C1044-E2DD-433B-88C6-D051B778310F}.Release|Any CPU.ActiveCfg = Release|Any CPU
		{684C1044-E2DD-433B-88C6-D051B778310F}.Release|Any CPU.Build.0 = Release|Any CPU
	EndGlobalSection
EndGlobal
